// !$*UTF8*$!
{
	archiveVersion = 1;
	classes = {
	};
	objectVersion = 46;
	objects = {

/* Begin PBXBuildFile section */
		9B0639E61D5A68EA00ACC628 /* AppDelegate.swift in Sources */ = {isa = PBXBuildFile; fileRef = 9B0639E51D5A68EA00ACC628 /* AppDelegate.swift */; };
		9B0639E81D5A68EA00ACC628 /* ViewController.swift in Sources */ = {isa = PBXBuildFile; fileRef = 9B0639E71D5A68EA00ACC628 /* ViewController.swift */; };
		9B0639EB1D5A68EA00ACC628 /* Main.storyboard in Resources */ = {isa = PBXBuildFile; fileRef = 9B0639E91D5A68EA00ACC628 /* Main.storyboard */; };
		9B0639ED1D5A68EA00ACC628 /* Assets.xcassets in Resources */ = {isa = PBXBuildFile; fileRef = 9B0639EC1D5A68EA00ACC628 /* Assets.xcassets */; };
		9B0639F01D5A68EA00ACC628 /* LaunchScreen.storyboard in Resources */ = {isa = PBXBuildFile; fileRef = 9B0639EE1D5A68EA00ACC628 /* LaunchScreen.storyboard */; };
		9B0639FB1D5A68EA00ACC628 /* Memorable_PlacesTests.swift in Sources */ = {isa = PBXBuildFile; fileRef = 9B0639FA1D5A68EA00ACC628 /* Memorable_PlacesTests.swift */; };
		9B063A061D5A68EA00ACC628 /* Memorable_PlacesUITests.swift in Sources */ = {isa = PBXBuildFile; fileRef = 9B063A051D5A68EA00ACC628 /* Memorable_PlacesUITests.swift */; };
		9B063A141D5AB2E400ACC628 /* TableViewController.swift in Sources */ = {isa = PBXBuildFile; fileRef = 9B063A131D5AB2E400ACC628 /* TableViewController.swift */; };
		9B063A161D5ABF2300ACC628 /* CoreLocation.framework in Frameworks */ = {isa = PBXBuildFile; fileRef = 9B063A151D5ABF2300ACC628 /* CoreLocation.framework */; };
/* End PBXBuildFile section */

/* Begin PBXContainerItemProxy section */
		9B0639F71D5A68EA00ACC628 /* PBXContainerItemProxy */ = {
			isa = PBXContainerItemProxy;
			containerPortal = 9B0639DA1D5A68E900ACC628 /* Project object */;
			proxyType = 1;
			remoteGlobalIDString = 9B0639E11D5A68E900ACC628;
			remoteInfo = "Memorable Places";
		};
		9B063A021D5A68EA00ACC628 /* PBXContainerItemProxy */ = {
			isa = PBXContainerItemProxy;
			containerPortal = 9B0639DA1D5A68E900ACC628 /* Project object */;
			proxyType = 1;
			remoteGlobalIDString = 9B0639E11D5A68E900ACC628;
			remoteInfo = "Memorable Places";
		};
/* End PBXContainerItemProxy section */

/* Begin PBXFileReference section */
		9B0639E21D5A68E900ACC628 /* Memorable Places.app */ = {isa = PBXFileReference; explicitFileType = wrapper.application; includeInIndex = 0; path = "Memorable Places.app"; sourceTree = BUILT_PRODUCTS_DIR; };
		9B0639E51D5A68EA00ACC628 /* AppDelegate.swift */ = {isa = PBXFileReference; lastKnownFileType = sourcecode.swift; path = AppDelegate.swift; sourceTree = "<group>"; };
		9B0639E71D5A68EA00ACC628 /* ViewController.swift */ = {isa = PBXFileReference; lastKnownFileType = sourcecode.swift; path = ViewController.swift; sourceTree = "<group>"; };
		9B0639EA1D5A68EA00ACC628 /* Base */ = {isa = PBXFileReference; lastKnownFileType = file.storyboard; name = Base; path = Base.lproj/Main.storyboard; sourceTree = "<group>"; };
		9B0639EC1D5A68EA00ACC628 /* Assets.xcassets */ = {isa = PBXFileReference; lastKnownFileType = folder.assetcatalog; path = Assets.xcassets; sourceTree = "<group>"; };
		9B0639EF1D5A68EA00ACC628 /* Base */ = {isa = PBXFileReference; lastKnownFileType = file.storyboard; name = Base; path = Base.lproj/LaunchScreen.storyboard; sourceTree = "<group>"; };
		9B0639F11D5A68EA00ACC628 /* Info.plist */ = {isa = PBXFileReference; lastKnownFileType = text.plist.xml; path = Info.plist; sourceTree = "<group>"; };
		9B0639F61D5A68EA00ACC628 /* Memorable PlacesTests.xctest */ = {isa = PBXFileReference; explicitFileType = wrapper.cfbundle; includeInIndex = 0; path = "Memorable PlacesTests.xctest"; sourceTree = BUILT_PRODUCTS_DIR; };
		9B0639FA1D5A68EA00ACC628 /* Memorable_PlacesTests.swift */ = {isa = PBXFileReference; lastKnownFileType = sourcecode.swift; path = Memorable_PlacesTests.swift; sourceTree = "<group>"; };
		9B0639FC1D5A68EA00ACC628 /* Info.plist */ = {isa = PBXFileReference; lastKnownFileType = text.plist.xml; path = Info.plist; sourceTree = "<group>"; };
		9B063A011D5A68EA00ACC628 /* Memorable PlacesUITests.xctest */ = {isa = PBXFileReference; explicitFileType = wrapper.cfbundle; includeInIndex = 0; path = "Memorable PlacesUITests.xctest"; sourceTree = BUILT_PRODUCTS_DIR; };
		9B063A051D5A68EA00ACC628 /* Memorable_PlacesUITests.swift */ = {isa = PBXFileReference; lastKnownFileType = sourcecode.swift; path = Memorable_PlacesUITests.swift; sourceTree = "<group>"; };
		9B063A071D5A68EA00ACC628 /* Info.plist */ = {isa = PBXFileReference; lastKnownFileType = text.plist.xml; path = Info.plist; sourceTree = "<group>"; };
		9B063A131D5AB2E400ACC628 /* TableViewController.swift */ = {isa = PBXFileReference; fileEncoding = 4; lastKnownFileType = sourcecode.swift; path = TableViewController.swift; sourceTree = "<group>"; };
		9B063A151D5ABF2300ACC628 /* CoreLocation.framework */ = {isa = PBXFileReference; lastKnownFileType = wrapper.framework; name = CoreLocation.framework; path = System/Library/Frameworks/CoreLocation.framework; sourceTree = SDKROOT; };
/* End PBXFileReference section */

/* Begin PBXFrameworksBuildPhase section */
		9B0639DF1D5A68E900ACC628 /* Frameworks */ = {
			isa = PBXFrameworksBuildPhase;
			buildActionMask = 2147483647;
			files = (
				9B063A161D5ABF2300ACC628 /* CoreLocation.framework in Frameworks */,
			);
			runOnlyForDeploymentPostprocessing = 0;
		};
		9B0639F31D5A68EA00ACC628 /* Frameworks */ = {
			isa = PBXFrameworksBuildPhase;
			buildActionMask = 2147483647;
			files = (
			);
			runOnlyForDeploymentPostprocessing = 0;
		};
		9B0639FE1D5A68EA00ACC628 /* Frameworks */ = {
			isa = PBXFrameworksBuildPhase;
			buildActionMask = 2147483647;
			files = (
			);
			runOnlyForDeploymentPostprocessing = 0;
		};
/* End PBXFrameworksBuildPhase section */

/* Begin PBXGroup section */
		9B0639D91D5A68E900ACC628 = {
			isa = PBXGroup;
			children = (
				9B063A151D5ABF2300ACC628 /* CoreLocation.framework */,
				9B0639E41D5A68E900ACC628 /* Memorable Places */,
				9B0639F91D5A68EA00ACC628 /* Memorable PlacesTests */,
				9B063A041D5A68EA00ACC628 /* Memorable PlacesUITests */,
				9B0639E31D5A68E900ACC628 /* Products */,
			);
			sourceTree = "<group>";
		};
		9B0639E31D5A68E900ACC628 /* Products */ = {
			isa = PBXGroup;
			children = (
				9B0639E21D5A68E900ACC628 /* Memorable Places.app */,
				9B0639F61D5A68EA00ACC628 /* Memorable PlacesTests.xctest */,
				9B063A011D5A68EA00ACC628 /* Memorable PlacesUITests.xctest */,
			);
			name = Products;
			sourceTree = "<group>";
		};
		9B0639E41D5A68E900ACC628 /* Memorable Places */ = {
			isa = PBXGroup;
			children = (
				9B0639E51D5A68EA00ACC628 /* AppDelegate.swift */,
				9B0639E71D5A68EA00ACC628 /* ViewController.swift */,
				9B063A131D5AB2E400ACC628 /* TableViewController.swift */,
				9B0639E91D5A68EA00ACC628 /* Main.storyboard */,
				9B0639EC1D5A68EA00ACC628 /* Assets.xcassets */,
				9B0639EE1D5A68EA00ACC628 /* LaunchScreen.storyboard */,
				9B0639F11D5A68EA00ACC628 /* Info.plist */,
			);
			path = "Memorable Places";
			sourceTree = "<group>";
		};
		9B0639F91D5A68EA00ACC628 /* Memorable PlacesTests */ = {
			isa = PBXGroup;
			children = (
				9B0639FA1D5A68EA00ACC628 /* Memorable_PlacesTests.swift */,
				9B0639FC1D5A68EA00ACC628 /* Info.plist */,
			);
			path = "Memorable PlacesTests";
			sourceTree = "<group>";
		};
		9B063A041D5A68EA00ACC628 /* Memorable PlacesUITests */ = {
			isa = PBXGroup;
			children = (
				9B063A051D5A68EA00ACC628 /* Memorable_PlacesUITests.swift */,
				9B063A071D5A68EA00ACC628 /* Info.plist */,
			);
			path = "Memorable PlacesUITests";
			sourceTree = "<group>";
		};
/* End PBXGroup section */

/* Begin PBXNativeTarget section */
		9B0639E11D5A68E900ACC628 /* Memorable Places */ = {
			isa = PBXNativeTarget;
			buildConfigurationList = 9B063A0A1D5A68EA00ACC628 /* Build configuration list for PBXNativeTarget "Memorable Places" */;
			buildPhases = (
				9B0639DE1D5A68E900ACC628 /* Sources */,
				9B0639DF1D5A68E900ACC628 /* Frameworks */,
				9B0639E01D5A68E900ACC628 /* Resources */,
			);
			buildRules = (
			);
			dependencies = (
			);
			name = "Memorable Places";
			productName = "Memorable Places";
			productReference = 9B0639E21D5A68E900ACC628 /* Memorable Places.app */;
			productType = "com.apple.product-type.application";
		};
		9B0639F51D5A68EA00ACC628 /* Memorable PlacesTests */ = {
			isa = PBXNativeTarget;
			buildConfigurationList = 9B063A0D1D5A68EA00ACC628 /* Build configuration list for PBXNativeTarget "Memorable PlacesTests" */;
			buildPhases = (
				9B0639F21D5A68EA00ACC628 /* Sources */,
				9B0639F31D5A68EA00ACC628 /* Frameworks */,
				9B0639F41D5A68EA00ACC628 /* Resources */,
			);
			buildRules = (
			);
			dependencies = (
				9B0639F81D5A68EA00ACC628 /* PBXTargetDependency */,
			);
			name = "Memorable PlacesTests";
			productName = "Memorable PlacesTests";
			productReference = 9B0639F61D5A68EA00ACC628 /* Memorable PlacesTests.xctest */;
			productType = "com.apple.product-type.bundle.unit-test";
		};
		9B063A001D5A68EA00ACC628 /* Memorable PlacesUITests */ = {
			isa = PBXNativeTarget;
			buildConfigurationList = 9B063A101D5A68EA00ACC628 /* Build configuration list for PBXNativeTarget "Memorable PlacesUITests" */;
			buildPhases = (
				9B0639FD1D5A68EA00ACC628 /* Sources */,
				9B0639FE1D5A68EA00ACC628 /* Frameworks */,
				9B0639FF1D5A68EA00ACC628 /* Resources */,
			);
			buildRules = (
			);
			dependencies = (
				9B063A031D5A68EA00ACC628 /* PBXTargetDependency */,
			);
			name = "Memorable PlacesUITests";
			productName = "Memorable PlacesUITests";
			productReference = 9B063A011D5A68EA00ACC628 /* Memorable PlacesUITests.xctest */;
			productType = "com.apple.product-type.bundle.ui-testing";
		};
/* End PBXNativeTarget section */

/* Begin PBXProject section */
		9B0639DA1D5A68E900ACC628 /* Project object */ = {
			isa = PBXProject;
			attributes = {
				LastSwiftUpdateCheck = 0730;
				LastUpgradeCheck = 0730;
				ORGANIZATIONNAME = "Nima Farahani";
				TargetAttributes = {
					9B0639E11D5A68E900ACC628 = {
						CreatedOnToolsVersion = 7.3.1;
					};
					9B0639F51D5A68EA00ACC628 = {
						CreatedOnToolsVersion = 7.3.1;
						TestTargetID = 9B0639E11D5A68E900ACC628;
					};
					9B063A001D5A68EA00ACC628 = {
						CreatedOnToolsVersion = 7.3.1;
						TestTargetID = 9B0639E11D5A68E900ACC628;
					};
				};
			};
			buildConfigurationList = 9B0639DD1D5A68E900ACC628 /* Build configuration list for PBXProject "Memorable Places" */;
			compatibilityVersion = "Xcode 3.2";
			developmentRegion = English;
			hasScannedForEncodings = 0;
			knownRegions = (
				en,
				Base,
			);
			mainGroup = 9B0639D91D5A68E900ACC628;
			productRefGroup = 9B0639E31D5A68E900ACC628 /* Products */;
			projectDirPath = "";
			projectRoot = "";
			targets = (
				9B0639E11D5A68E900ACC628 /* Memorable Places */,
				9B0639F51D5A68EA00ACC628 /* Memorable PlacesTests */,
				9B063A001D5A68EA00ACC628 /* Memorable PlacesUITests */,
			);
		};
/* End PBXProject section */

/* Begin PBXResourcesBuildPhase section */
		9B0639E01D5A68E900ACC628 /* Resources */ = {
			isa = PBXResourcesBuildPhase;
			buildActionMask = 2147483647;
			files = (
				9B0639F01D5A68EA00ACC628 /* LaunchScreen.storyboard in Resources */,
				9B0639ED1D5A68EA00ACC628 /* Assets.xcassets in Resources */,
				9B0639EB1D5A68EA00ACC628 /* Main.storyboard in Resources */,
			);
			runOnlyForDeploymentPostprocessing = 0;
		};
		9B0639F41D5A68EA00ACC628 /* Resources */ = {
			isa = PBXResourcesBuildPhase;
			buildActionMask = 2147483647;
			files = (
			);
			runOnlyForDeploymentPostprocessing = 0;
		};
		9B0639FF1D5A68EA00ACC628 /* Resources */ = {
			isa = PBXResourcesBuildPhase;
			buildActionMask = 2147483647;
			files = (
			);
			runOnlyForDeploymentPostprocessing = 0;
		};
/* End PBXResourcesBuildPhase section */

/* Begin PBXSourcesBuildPhase section */
		9B0639DE1D5A68E900ACC628 /* Sources */ = {
			isa = PBXSourcesBuildPhase;
			buildActionMask = 2147483647;
			files = (
				9B0639E81D5A68EA00ACC628 /* ViewController.swift in Sources */,
				9B063A141D5AB2E400ACC628 /* TableViewController.swift in Sources */,
				9B0639E61D5A68EA00ACC628 /* AppDelegate.swift in Sources */,
			);
			runOnlyForDeploymentPostprocessing = 0;
		};
		9B0639F21D5A68EA00ACC628 /* Sources */ = {
			isa = PBXSourcesBuildPhase;
			buildActionMask = 2147483647;
			files = (
				9B0639FB1D5A68EA00ACC628 /* Memorable_PlacesTests.swift in Sources */,
			);
			runOnlyForDeploymentPostprocessing = 0;
		};
		9B0639FD1D5A68EA00ACC628 /* Sources */ = {
			isa = PBXSourcesBuildPhase;
			buildActionMask = 2147483647;
			files = (
				9B063A061D5A68EA00ACC628 /* Memorable_PlacesUITests.swift in Sources */,
			);
			runOnlyForDeploymentPostprocessing = 0;
		};
/* End PBXSourcesBuildPhase section */

/* Begin PBXTargetDependency section */
		9B0639F81D5A68EA00ACC628 /* PBXTargetDependency */ = {
			isa = PBXTargetDependency;
			target = 9B0639E11D5A68E900ACC628 /* Memorable Places */;
			targetProxy = 9B0639F71D5A68EA00ACC628 /* PBXContainerItemProxy */;
		};
		9B063A031D5A68EA00ACC628 /* PBXTargetDependency */ = {
			isa = PBXTargetDependency;
			target = 9B0639E11D5A68E900ACC628 /* Memorable Places */;
			targetProxy = 9B063A021D5A68EA00ACC628 /* PBXContainerItemProxy */;
		};
/* End PBXTargetDependency section */

/* Begin PBXVariantGroup section */
		9B0639E91D5A68EA00ACC628 /* Main.storyboard */ = {
			isa = PBXVariantGroup;
			children = (
				9B0639EA1D5A68EA00ACC628 /* Base */,
			);
			name = Main.storyboard;
			sourceTree = "<group>";
		};
		9B0639EE1D5A68EA00ACC628 /* LaunchScreen.storyboard */ = {
			isa = PBXVariantGroup;
			children = (
				9B0639EF1D5A68EA00ACC628 /* Base */,
			);
			name = LaunchScreen.storyboard;
			sourceTree = "<group>";
		};
/* End PBXVariantGroup section */

/* Begin XCBuildConfiguration section */
		9B063A081D5A68EA00ACC628 /* Debug */ = {
			isa = XCBuildConfiguration;
			buildSettings = {
				ALWAYS_SEARCH_USER_PATHS = NO;
				CLANG_ANALYZER_NONNULL = YES;
				CLANG_CXX_LANGUAGE_STANDARD = "gnu++0x";
				CLANG_CXX_LIBRARY = "libc++";
				CLANG_ENABLE_MODULES = YES;
				CLANG_ENABLE_OBJC_ARC = YES;
				CLANG_WARN_BOOL_CONVERSION = YES;
				CLANG_WARN_CONSTANT_CONVERSION = YES;
				CLANG_WARN_DIRECT_OBJC_ISA_USAGE = YES_ERROR;
				CLANG_WARN_EMPTY_BODY = YES;
				CLANG_WARN_ENUM_CONVERSION = YES;
				CLANG_WARN_INT_CONVERSION = YES;
				CLANG_WARN_OBJC_ROOT_CLASS = YES_ERROR;
				CLANG_WARN_UNREACHABLE_CODE = YES;
				CLANG_WARN__DUPLICATE_METHOD_MATCH = YES;
				"CODE_SIGN_IDENTITY[sdk=iphoneos*]" = "iPhone Developer";
				COPY_PHASE_STRIP = NO;
				DEBUG_INFORMATION_FORMAT = dwarf;
				ENABLE_STRICT_OBJC_MSGSEND = YES;
				ENABLE_TESTABILITY = YES;
				GCC_C_LANGUAGE_STANDARD = gnu99;
				GCC_DYNAMIC_NO_PIC = NO;
				GCC_NO_COMMON_BLOCKS = YES;
				GCC_OPTIMIZATION_LEVEL = 0;
				GCC_PREPROCESSOR_DEFINITIONS = (
					"DEBUG=1",
					"$(inherited)",
				);
				GCC_WARN_64_TO_32_BIT_CONVERSION = YES;
				GCC_WARN_ABOUT_RETURN_TYPE = YES_ERROR;
				GCC_WARN_UNDECLARED_SELECTOR = YES;
				GCC_WARN_UNINITIALIZED_AUTOS = YES_AGGRESSIVE;
				GCC_WARN_UNUSED_FUNCTION = YES;
				GCC_WARN_UNUSED_VARIABLE = YES;
				IPHONEOS_DEPLOYMENT_TARGET = 9.3;
				MTL_ENABLE_DEBUG_INFO = YES;
				ONLY_ACTIVE_ARCH = YES;
				SDKROOT = iphoneos;
				SWIFT_OPTIMIZATION_LEVEL = "-Onone";
				TARGETED_DEVICE_FAMILY = "1,2";
			};
			name = Debug;
		};
		9B063A091D5A68EA00ACC628 /* Release */ = {
			isa = XCBuildConfiguration;
			buildSettings = {
				ALWAYS_SEARCH_USER_PATHS = NO;
				CLANG_ANALYZER_NONNULL = YES;
				CLANG_CXX_LANGUAGE_STANDARD = "gnu++0x";
				CLANG_CXX_LIBRARY = "libc++";
				CLANG_ENABLE_MODULES = YES;
				CLANG_ENABLE_OBJC_ARC = YES;
				CLANG_WARN_BOOL_CONVERSION = YES;
				CLANG_WARN_CONSTANT_CONVERSION = YES;
				CLANG_WARN_DIRECT_OBJC_ISA_USAGE = YES_ERROR;
				CLANG_WARN_EMPTY_BODY = YES;
				CLANG_WARN_ENUM_CONVERSION = YES;
				CLANG_WARN_INT_CONVERSION = YES;
				CLANG_WARN_OBJC_ROOT_CLASS = YES_ERROR;
				CLANG_WARN_UNREACHABLE_CODE = YES;
				CLANG_WARN__DUPLICATE_METHOD_MATCH = YES;
				"CODE_SIGN_IDENTITY[sdk=iphoneos*]" = "iPhone Developer";
				COPY_PHASE_STRIP = NO;
				DEBUG_INFORMATION_FORMAT = "dwarf-with-dsym";
				ENABLE_NS_ASSERTIONS = NO;
				ENABLE_STRICT_OBJC_MSGSEND = YES;
				GCC_C_LANGUAGE_STANDARD = gnu99;
				GCC_NO_COMMON_BLOCKS = YES;
				GCC_WARN_64_TO_32_BIT_CONVERSION = YES;
				GCC_WARN_ABOUT_RETURN_TYPE = YES_ERROR;
				GCC_WARN_UNDECLARED_SELECTOR = YES;
				GCC_WARN_UNINITIALIZED_AUTOS = YES_AGGRESSIVE;
				GCC_WARN_UNUSED_FUNCTION = YES;
				GCC_WARN_UNUSED_VARIABLE = YES;
				IPHONEOS_DEPLOYMENT_TARGET = 9.3;
				MTL_ENABLE_DEBUG_INFO = NO;
				SDKROOT = iphoneos;
				TARGETED_DEVICE_FAMILY = "1,2";
				VALIDATE_PRODUCT = YES;
			};
			name = Release;
		};
		9B063A0B1D5A68EA00ACC628 /* Debug */ = {
			isa = XCBuildConfiguration;
			buildSettings = {
				ASSETCATALOG_COMPILER_APPICON_NAME = AppIcon;
				INFOPLIST_FILE = "Memorable Places/Info.plist";
				LD_RUNPATH_SEARCH_PATHS = "$(inherited) @executable_path/Frameworks";
				PRODUCT_BUNDLE_IDENTIFIER = "nima.Memorable-Places";
				PRODUCT_NAME = "$(TARGET_NAME)";
			};
			name = Debug;
		};
		9B063A0C1D5A68EA00ACC628 /* Release */ = {
			isa = XCBuildConfiguration;
			buildSettings = {
				ASSETCATALOG_COMPILER_APPICON_NAME = AppIcon;
				INFOPLIST_FILE = "Memorable Places/Info.plist";
				LD_RUNPATH_SEARCH_PATHS = "$(inherited) @executable_path/Frameworks";
				PRODUCT_BUNDLE_IDENTIFIER = "nima.Memorable-Places";
				PRODUCT_NAME = "$(TARGET_NAME)";
			};
			name = Release;
		};
		9B063A0E1D5A68EA00ACC628 /* Debug */ = {
			isa = XCBuildConfiguration;
			buildSettings = {
				BUNDLE_LOADER = "$(TEST_HOST)";
				INFOPLIST_FILE = "Memorable PlacesTests/Info.plist";
				LD_RUNPATH_SEARCH_PATHS = "$(inherited) @executable_path/Frameworks @loader_path/Frameworks";
				PRODUCT_BUNDLE_IDENTIFIER = "nima.Memorable-PlacesTests";
				PRODUCT_NAME = "$(TARGET_NAME)";
				TEST_HOST = "$(BUILT_PRODUCTS_DIR)/Memorable Places.app/Memorable Places";
			};
			name = Debug;
		};
		9B063A0F1D5A68EA00ACC628 /* Release */ = {
			isa = XCBuildConfiguration;
			buildSettings = {
				BUNDLE_LOADER = "$(TEST_HOST)";
				INFOPLIST_FILE = "Memorable PlacesTests/Info.plist";
				LD_RUNPATH_SEARCH_PATHS = "$(inherited) @executable_path/Frameworks @loader_path/Frameworks";
				PRODUCT_BUNDLE_IDENTIFIER = "nima.Memorable-PlacesTests";
				PRODUCT_NAME = "$(TARGET_NAME)";
				TEST_HOST = "$(BUILT_PRODUCTS_DIR)/Memorable Places.app/Memorable Places";
			};
			name = Release;
		};
		9B063A111D5A68EA00ACC628 /* Debug */ = {
			isa = XCBuildConfiguration;
			buildSettings = {
				INFOPLIST_FILE = "Memorable PlacesUITests/Info.plist";
				LD_RUNPATH_SEARCH_PATHS = "$(inherited) @executable_path/Frameworks @loader_path/Frameworks";
				PRODUCT_BUNDLE_IDENTIFIER = "nima.Memorable-PlacesUITests";
				PRODUCT_NAME = "$(TARGET_NAME)";
				TEST_TARGET_NAME = "Memorable Places";
			};
			name = Debug;
		};
		9B063A121D5A68EA00ACC628 /* Release */ = {
			isa = XCBuildConfiguration;
			buildSettings = {
				INFOPLIST_FILE = "Memorable PlacesUITests/Info.plist";
				LD_RUNPATH_SEARCH_PATHS = "$(inherited) @executable_path/Frameworks @loader_path/Frameworks";
				PRODUCT_BUNDLE_IDENTIFIER = "nima.Memorable-PlacesUITests";
				PRODUCT_NAME = "$(TARGET_NAME)";
				TEST_TARGET_NAME = "Memorable Places";
			};
			name = Release;
		};
/* End XCBuildConfiguration section */

/* Begin XCConfigurationList section */
		9B0639DD1D5A68E900ACC628 /* Build configuration list for PBXProject "Memorable Places" */ = {
			isa = XCConfigurationList;
			buildConfigurations = (
				9B063A081D5A68EA00ACC628 /* Debug */,
				9B063A091D5A68EA00ACC628 /* Release */,
			);
			defaultConfigurationIsVisible = 0;
			defaultConfigurationName = Release;
		};
		9B063A0A1D5A68EA00ACC628 /* Build configuration list for PBXNativeTarget "Memorable Places" */ = {
			isa = XCConfigurationList;
			buildConfigurations = (
				9B063A0B1D5A68EA00ACC628 /* Debug */,
				9B063A0C1D5A68EA00ACC628 /* Release */,
			);
			defaultConfigurationIsVisible = 0;
		};
		9B063A0D1D5A68EA00ACC628 /* Build configuration list for PBXNativeTarget "Memorable PlacesTests" */ = {
			isa = XCConfigurationList;
			buildConfigurations = (
				9B063A0E1D5A68EA00ACC628 /* Debug */,
				9B063A0F1D5A68EA00ACC628 /* Release */,
			);
			defaultConfigurationIsVisible = 0;
		};
		9B063A101D5A68EA00ACC628 /* Build configuration list for PBXNativeTarget "Memorable PlacesUITests" */ = {
			isa = XCConfigurationList;
			buildConfigurations = (
				9B063A111D5A68EA00ACC628 /* Debug */,
				9B063A121D5A68EA00ACC628 /* Release */,
			);
			defaultConfigurationIsVisible = 0;
		};
/* End XCConfigurationList section */
	};
	rootObject = 9B0639DA1D5A68E900ACC628 /* Project object */;
}
